
Microsoft Visual Studio Solution File, Format Version 12.00
# Visual Studio Version 16
VisualStudioVersion = 16.0.29926.136
MinimumVisualStudioVersion = 10.0.40219.1
Project("{FAE04EC0-301F-11D3-BF4B-00C04F79EFBC}") = "ParkingLot_Problem", "ParkingLot_Problem\ParkingLot_Problem.csproj", "{AA0A810B-D7DE-4F1E-BE18-70B02FC7FC08}"
EndProject
Project("{FAE04EC0-301F-11D3-BF4B-00C04F79EFBC}") = "Model", "Model\Model.csproj", "{33DA627E-7B6E-4EAC-8415-193A2C64E17F}"
EndProject
Project("{FAE04EC0-301F-11D3-BF4B-00C04F79EFBC}") = "Repository", "Repository\Repository.csproj", "{523D9CC4-C8BB-4C53-A362-9C298DD104A0}"
EndProject
Project("{FAE04EC0-301F-11D3-BF4B-00C04F79EFBC}") = "Manager", "Manager\Manager.csproj", "{4CF965CC-A069-410C-8E6C-74AA0F1F105A}"
EndProject
Global
	GlobalSection(SolutionConfigurationPlatforms) = preSolution
		Debug|Any CPU = Debug|Any CPU
		Release|Any CPU = Release|Any CPU
	EndGlobalSection
	GlobalSection(ProjectConfigurationPlatforms) = postSolution
		{AA0A810B-D7DE-4F1E-BE18-70B02FC7FC08}.Debug|Any CPU.ActiveCfg = Debug|Any CPU
		{AA0A810B-D7DE-4F1E-BE18-70B02FC7FC08}.Debug|Any CPU.Build.0 = Debug|Any CPU
		{AA0A810B-D7DE-4F1E-BE18-70B02FC7FC08}.Release|Any CPU.ActiveCfg = Release|Any CPU
		{AA0A810B-D7DE-4F1E-BE18-70B02FC7FC08}.Release|Any CPU.Build.0 = Release|Any CPU
		{33DA627E-7B6E-4EAC-8415-193A2C64E17F}.Debug|Any CPU.ActiveCfg = Debug|Any CPU
		{33DA627E-7B6E-4EAC-8415-193A2C64E17F}.Debug|Any CPU.Build.0 = Debug|Any CPU
		{33DA627E-7B6E-4EAC-8415-193A2C64E17F}.Release|Any CPU.ActiveCfg = Release|Any CPU
		{33DA627E-7B6E-4EAC-8415-193A2C64E17F}.Release|Any CPU.Build.0 = Release|Any CPU
		{523D9CC4-C8BB-4C53-A362-9C298DD104A0}.Debug|Any CPU.ActiveCfg = Debug|Any CPU
		{523D9CC4-C8BB-4C53-A362-9C298DD104A0}.Debug|Any CPU.Build.0 = Debug|Any CPU
		{523D9CC4-C8BB-4C53-A362-9C298DD104A0}.Release|Any CPU.ActiveCfg = Release|Any CPU
		{523D9CC4-C8BB-4C53-A362-9C298DD104A0}.Release|Any CPU.Build.0 = Release|Any CPU
		{4CF965CC-A069-410C-8E6C-74AA0F1F105A}.Debug|Any CPU.ActiveCfg = Debug|Any CPU
		{4CF965CC-A069-410C-8E6C-74AA0F1F105A}.Debug|Any CPU.Build.0 = Debug|Any CPU
		{4CF965CC-A069-410C-8E6C-74AA0F1F105A}.Release|Any CPU.ActiveCfg = Release|Any CPU
		{4CF965CC-A069-410C-8E6C-74AA0F1F105A}.Release|Any CPU.Build.0 = Release|Any CPU
	EndGlobalSection
	GlobalSection(SolutionProperties) = preSolution
		HideSolutionNode = FALSE
	EndGlobalSection
	GlobalSection(ExtensibilityGlobals) = postSolution
		SolutionGuid = {4C2E0E34-6389-4BCC-AFCF-564A70633DB6}
	EndGlobalSection
EndGlobal
