
Microsoft Visual Studio Solution File, Format Version 12.00
# Visual Studio Version 16
VisualStudioVersion = 16.0.29911.84
MinimumVisualStudioVersion = 10.0.40219.1
Project("{9A19103F-16F7-4668-BE54-9A1E7A4F7556}") = "EmployeeModel", "Manager\EmployeeModel.csproj", "{A7873A0F-6C45-4F3F-A957-89A4825BA3FE}"
EndProject
Project("{9A19103F-16F7-4668-BE54-9A1E7A4F7556}") = "Repository", "Repository\Repository.csproj", "{C08E09FF-577D-41DC-801A-C4A0394A6779}"
EndProject
Project("{9A19103F-16F7-4668-BE54-9A1E7A4F7556}") = "ManagerClass", "ManagerClass\ManagerClass.csproj", "{8486DB32-4BCD-4DDF-B145-CB3D98EEE297}"
EndProject
Project("{FAE04EC0-301F-11D3-BF4B-00C04F79EFBC}") = "EmpCRUD", "EmpCRUD\EmpCRUD.csproj", "{03BBFBF8-4582-4CA7-9973-FEA292B8275D}"
EndProject
Global
	GlobalSection(SolutionConfigurationPlatforms) = preSolution
		Debug|Any CPU = Debug|Any CPU
		Release|Any CPU = Release|Any CPU
	EndGlobalSection
	GlobalSection(ProjectConfigurationPlatforms) = postSolution
		{A7873A0F-6C45-4F3F-A957-89A4825BA3FE}.Debug|Any CPU.ActiveCfg = Debug|Any CPU
		{A7873A0F-6C45-4F3F-A957-89A4825BA3FE}.Debug|Any CPU.Build.0 = Debug|Any CPU
		{A7873A0F-6C45-4F3F-A957-89A4825BA3FE}.Release|Any CPU.ActiveCfg = Release|Any CPU
		{A7873A0F-6C45-4F3F-A957-89A4825BA3FE}.Release|Any CPU.Build.0 = Release|Any CPU
		{C08E09FF-577D-41DC-801A-C4A0394A6779}.Debug|Any CPU.ActiveCfg = Debug|Any CPU
		{C08E09FF-577D-41DC-801A-C4A0394A6779}.Debug|Any CPU.Build.0 = Debug|Any CPU
		{C08E09FF-577D-41DC-801A-C4A0394A6779}.Release|Any CPU.ActiveCfg = Release|Any CPU
		{C08E09FF-577D-41DC-801A-C4A0394A6779}.Release|Any CPU.Build.0 = Release|Any CPU
		{8486DB32-4BCD-4DDF-B145-CB3D98EEE297}.Debug|Any CPU.ActiveCfg = Debug|Any CPU
		{8486DB32-4BCD-4DDF-B145-CB3D98EEE297}.Debug|Any CPU.Build.0 = Debug|Any CPU
		{8486DB32-4BCD-4DDF-B145-CB3D98EEE297}.Release|Any CPU.ActiveCfg = Release|Any CPU
		{8486DB32-4BCD-4DDF-B145-CB3D98EEE297}.Release|Any CPU.Build.0 = Release|Any CPU
		{03BBFBF8-4582-4CA7-9973-FEA292B8275D}.Debug|Any CPU.ActiveCfg = Debug|Any CPU
		{03BBFBF8-4582-4CA7-9973-FEA292B8275D}.Debug|Any CPU.Build.0 = Debug|Any CPU
		{03BBFBF8-4582-4CA7-9973-FEA292B8275D}.Release|Any CPU.ActiveCfg = Release|Any CPU
		{03BBFBF8-4582-4CA7-9973-FEA292B8275D}.Release|Any CPU.Build.0 = Release|Any CPU
	EndGlobalSection
	GlobalSection(SolutionProperties) = preSolution
		HideSolutionNode = FALSE
	EndGlobalSection
	GlobalSection(ExtensibilityGlobals) = postSolution
		SolutionGuid = {2FC09322-9050-42E6-BC47-BA14F890F62B}
	EndGlobalSection
EndGlobal
